// !$*UTF8*$!
{
	archiveVersion = 1;
	classes = {
	};
	objectVersion = 46;
	objects = {

/* Begin PBXBuildFile section */
		110C4BEC193394F90070D63F /* Photographer+Create.m in Sources */ = {isa = PBXBuildFile; fileRef = 110C4BEB193394F90070D63F /* Photographer+Create.m */; };
		110C4BF01933972A0070D63F /* CoreDataTableViewController.m in Sources */ = {isa = PBXBuildFile; fileRef = 110C4BEF1933972A0070D63F /* CoreDataTableViewController.m */; };
		111A9DFA193B3232006B64AA /* Place.m in Sources */ = {isa = PBXBuildFile; fileRef = 111A9DF9193B3232006B64AA /* Place.m */; };
		111A9DFD193B3232006B64AA /* Photographer.m in Sources */ = {isa = PBXBuildFile; fileRef = 111A9DFC193B3232006B64AA /* Photographer.m */; };
		111A9E00193B3232006B64AA /* Region.m in Sources */ = {isa = PBXBuildFile; fileRef = 111A9DFF193B3232006B64AA /* Region.m */; };
		111A9E03193B3232006B64AA /* Picture.m in Sources */ = {isa = PBXBuildFile; fileRef = 111A9E02193B3232006B64AA /* Picture.m */; };
		111A9E06193CCA59006B64AA /* PictureViewController.m in Sources */ = {isa = PBXBuildFile; fileRef = 111A9E05193CCA59006B64AA /* PictureViewController.m */; };
		11B0BA5419339B9800B9FA23 /* TopRegionsCDTVC.m in Sources */ = {isa = PBXBuildFile; fileRef = 11B0BA5319339B9800B9FA23 /* TopRegionsCDTVC.m */; };
		11B633AD192E3B590092B468 /* TopRegions.xcdatamodeld in Sources */ = {isa = PBXBuildFile; fileRef = 11B633AB192E3B590092B468 /* TopRegions.xcdatamodeld */; };
		11B633BD192E3E120092B468 /* Picture+Flickr.m in Sources */ = {isa = PBXBuildFile; fileRef = 11B633BC192E3E120092B468 /* Picture+Flickr.m */; };
		11B633C1192E481F0092B468 /* FlickrFetcher.m in Sources */ = {isa = PBXBuildFile; fileRef = 11B633C0192E481F0092B468 /* FlickrFetcher.m */; };
		11EF9E62192BE246000C6DD0 /* Foundation.framework in Frameworks */ = {isa = PBXBuildFile; fileRef = 11EF9E61192BE246000C6DD0 /* Foundation.framework */; };
		11EF9E64192BE246000C6DD0 /* CoreGraphics.framework in Frameworks */ = {isa = PBXBuildFile; fileRef = 11EF9E63192BE246000C6DD0 /* CoreGraphics.framework */; };
		11EF9E66192BE246000C6DD0 /* UIKit.framework in Frameworks */ = {isa = PBXBuildFile; fileRef = 11EF9E65192BE246000C6DD0 /* UIKit.framework */; };
		11EF9E6C192BE246000C6DD0 /* InfoPlist.strings in Resources */ = {isa = PBXBuildFile; fileRef = 11EF9E6A192BE246000C6DD0 /* InfoPlist.strings */; };
		11EF9E6E192BE246000C6DD0 /* main.m in Sources */ = {isa = PBXBuildFile; fileRef = 11EF9E6D192BE246000C6DD0 /* main.m */; };
		11EF9E72192BE246000C6DD0 /* AppDelegate.m in Sources */ = {isa = PBXBuildFile; fileRef = 11EF9E71192BE246000C6DD0 /* AppDelegate.m */; };
		11EF9E75192BE246000C6DD0 /* Main_iPhone.storyboard in Resources */ = {isa = PBXBuildFile; fileRef = 11EF9E73192BE246000C6DD0 /* Main_iPhone.storyboard */; };
		11EF9E78192BE246000C6DD0 /* Main_iPad.storyboard in Resources */ = {isa = PBXBuildFile; fileRef = 11EF9E76192BE246000C6DD0 /* Main_iPad.storyboard */; };
		11EF9E7B192BE246000C6DD0 /* ViewController.m in Sources */ = {isa = PBXBuildFile; fileRef = 11EF9E7A192BE246000C6DD0 /* ViewController.m */; };
		11EF9E7D192BE246000C6DD0 /* Images.xcassets in Resources */ = {isa = PBXBuildFile; fileRef = 11EF9E7C192BE246000C6DD0 /* Images.xcassets */; };
		11EF9E84192BE246000C6DD0 /* XCTest.framework in Frameworks */ = {isa = PBXBuildFile; fileRef = 11EF9E83192BE246000C6DD0 /* XCTest.framework */; };
		11EF9E85192BE246000C6DD0 /* Foundation.framework in Frameworks */ = {isa = PBXBuildFile; fileRef = 11EF9E61192BE246000C6DD0 /* Foundation.framework */; };
		11EF9E86192BE246000C6DD0 /* UIKit.framework in Frameworks */ = {isa = PBXBuildFile; fileRef = 11EF9E65192BE246000C6DD0 /* UIKit.framework */; };
		11EF9E8E192BE246000C6DD0 /* InfoPlist.strings in Resources */ = {isa = PBXBuildFile; fileRef = 11EF9E8C192BE246000C6DD0 /* InfoPlist.strings */; };
		11EF9E90192BE246000C6DD0 /* Top_RegionsTests.m in Sources */ = {isa = PBXBuildFile; fileRef = 11EF9E8F192BE246000C6DD0 /* Top_RegionsTests.m */; };
		F07D8127CDA09F160AE98B33 /* RegionCDTVC.m in Sources */ = {isa = PBXBuildFile; fileRef = F07D8376D3D6E2C75FD4C6E2 /* RegionCDTVC.m */; };
		F07D879A0C2A6B39F82DA613 /* Region+Create.m in Sources */ = {isa = PBXBuildFile; fileRef = F07D886466A20C31FB7954BE /* Region+Create.m */; };
		F07D8C86F1EBDE5036E86C7D /* Place+Create.m in Sources */ = {isa = PBXBuildFile; fileRef = F07D8E80B3900E9C9B5B5FA9 /* Place+Create.m */; };
		F07D8D3CD175574CB5B30595 /* DocumentHandler.m in Sources */ = {isa = PBXBuildFile; fileRef = F07D8E0538B568B351F0DCF9 /* DocumentHandler.m */; };
/* End PBXBuildFile section */

/* Begin PBXContainerItemProxy section */
		11EF9E87192BE246000C6DD0 /* PBXContainerItemProxy */ = {
			isa = PBXContainerItemProxy;
			containerPortal = 11EF9E56192BE246000C6DD0 /* Project object */;
			proxyType = 1;
			remoteGlobalIDString = 11EF9E5D192BE246000C6DD0;
			remoteInfo = "Top Regions";
		};
/* End PBXContainerItemProxy section */

/* Begin PBXFileReference section */
		110C4BEA193394F90070D63F /* Photographer+Create.h */ = {isa = PBXFileReference; fileEncoding = 4; lastKnownFileType = sourcecode.c.h; path = "Photographer+Create.h"; sourceTree = "<group>"; };
		110C4BEB193394F90070D63F /* Photographer+Create.m */ = {isa = PBXFileReference; fileEncoding = 4; lastKnownFileType = sourcecode.c.objc; path = "Photographer+Create.m"; sourceTree = "<group>"; };
		110C4BEE1933972A0070D63F /* CoreDataTableViewController.h */ = {isa = PBXFileReference; fileEncoding = 4; lastKnownFileType = sourcecode.c.h; path = CoreDataTableViewController.h; sourceTree = "<group>"; };
		110C4BEF1933972A0070D63F /* CoreDataTableViewController.m */ = {isa = PBXFileReference; fileEncoding = 4; lastKnownFileType = sourcecode.c.objc; path = CoreDataTableViewController.m; sourceTree = "<group>"; };
		111A9DF8193B3232006B64AA /* Place.h */ = {isa = PBXFileReference; fileEncoding = 4; lastKnownFileType = sourcecode.c.h; path = Place.h; sourceTree = "<group>"; };
		111A9DF9193B3232006B64AA /* Place.m */ = {isa = PBXFileReference; fileEncoding = 4; lastKnownFileType = sourcecode.c.objc; path = Place.m; sourceTree = "<group>"; };
		111A9DFB193B3232006B64AA /* Photographer.h */ = {isa = PBXFileReference; fileEncoding = 4; lastKnownFileType = sourcecode.c.h; path = Photographer.h; sourceTree = "<group>"; };
		111A9DFC193B3232006B64AA /* Photographer.m */ = {isa = PBXFileReference; fileEncoding = 4; lastKnownFileType = sourcecode.c.objc; path = Photographer.m; sourceTree = "<group>"; };
		111A9DFE193B3232006B64AA /* Region.h */ = {isa = PBXFileReference; fileEncoding = 4; lastKnownFileType = sourcecode.c.h; path = Region.h; sourceTree = "<group>"; };
		111A9DFF193B3232006B64AA /* Region.m */ = {isa = PBXFileReference; fileEncoding = 4; lastKnownFileType = sourcecode.c.objc; path = Region.m; sourceTree = "<group>"; };
		111A9E01193B3232006B64AA /* Picture.h */ = {isa = PBXFileReference; fileEncoding = 4; lastKnownFileType = sourcecode.c.h; path = Picture.h; sourceTree = "<group>"; };
		111A9E02193B3232006B64AA /* Picture.m */ = {isa = PBXFileReference; fileEncoding = 4; lastKnownFileType = sourcecode.c.objc; path = Picture.m; sourceTree = "<group>"; };
		111A9E04193CCA59006B64AA /* PictureViewController.h */ = {isa = PBXFileReference; fileEncoding = 4; lastKnownFileType = sourcecode.c.h; path = PictureViewController.h; sourceTree = "<group>"; };
		111A9E05193CCA59006B64AA /* PictureViewController.m */ = {isa = PBXFileReference; fileEncoding = 4; lastKnownFileType = sourcecode.c.objc; path = PictureViewController.m; sourceTree = "<group>"; };
		11AF95571934F3F6006ADD1D /* PicturesDatabaseAvailability.h */ = {isa = PBXFileReference; lastKnownFileType = sourcecode.c.h; path = PicturesDatabaseAvailability.h; sourceTree = "<group>"; };
		11B0BA5219339B9800B9FA23 /* TopRegionsCDTVC.h */ = {isa = PBXFileReference; fileEncoding = 4; lastKnownFileType = sourcecode.c.h; name = TopRegionsCDTVC.h; path = ../TopRegionsCDTVC.h; sourceTree = "<group>"; };
		11B0BA5319339B9800B9FA23 /* TopRegionsCDTVC.m */ = {isa = PBXFileReference; fileEncoding = 4; lastKnownFileType = sourcecode.c.objc; name = TopRegionsCDTVC.m; path = ../TopRegionsCDTVC.m; sourceTree = "<group>"; };
		11B633AC192E3B590092B468 /* TopRegions.xcdatamodel */ = {isa = PBXFileReference; lastKnownFileType = wrapper.xcdatamodel; path = TopRegions.xcdatamodel; sourceTree = "<group>"; };
		11B633BB192E3E120092B468 /* Picture+Flickr.h */ = {isa = PBXFileReference; fileEncoding = 4; lastKnownFileType = sourcecode.c.h; path = "Picture+Flickr.h"; sourceTree = "<group>"; };
		11B633BC192E3E120092B468 /* Picture+Flickr.m */ = {isa = PBXFileReference; fileEncoding = 4; lastKnownFileType = sourcecode.c.objc; path = "Picture+Flickr.m"; sourceTree = "<group>"; };
		11B633BE192E481F0092B468 /* FlickrAPIKey.h */ = {isa = PBXFileReference; fileEncoding = 4; lastKnownFileType = sourcecode.c.h; path = FlickrAPIKey.h; sourceTree = "<group>"; };
		11B633BF192E481F0092B468 /* FlickrFetcher.h */ = {isa = PBXFileReference; fileEncoding = 4; lastKnownFileType = sourcecode.c.h; path = FlickrFetcher.h; sourceTree = "<group>"; };
		11B633C0192E481F0092B468 /* FlickrFetcher.m */ = {isa = PBXFileReference; fileEncoding = 4; lastKnownFileType = sourcecode.c.objc; path = FlickrFetcher.m; sourceTree = "<group>"; };
		11EF9E5E192BE246000C6DD0 /* Top Regions.app */ = {isa = PBXFileReference; explicitFileType = wrapper.application; includeInIndex = 0; path = "Top Regions.app"; sourceTree = BUILT_PRODUCTS_DIR; };
		11EF9E61192BE246000C6DD0 /* Foundation.framework */ = {isa = PBXFileReference; lastKnownFileType = wrapper.framework; name = Foundation.framework; path = System/Library/Frameworks/Foundation.framework; sourceTree = SDKROOT; };
		11EF9E63192BE246000C6DD0 /* CoreGraphics.framework */ = {isa = PBXFileReference; lastKnownFileType = wrapper.framework; name = CoreGraphics.framework; path = System/Library/Frameworks/CoreGraphics.framework; sourceTree = SDKROOT; };
		11EF9E65192BE246000C6DD0 /* UIKit.framework */ = {isa = PBXFileReference; lastKnownFileType = wrapper.framework; name = UIKit.framework; path = System/Library/Frameworks/UIKit.framework; sourceTree = SDKROOT; };
		11EF9E69192BE246000C6DD0 /* Top Regions-Info.plist */ = {isa = PBXFileReference; lastKnownFileType = text.plist.xml; path = "Top Regions-Info.plist"; sourceTree = "<group>"; };
		11EF9E6B192BE246000C6DD0 /* en */ = {isa = PBXFileReference; lastKnownFileType = text.plist.strings; name = en; path = en.lproj/InfoPlist.strings; sourceTree = "<group>"; };
		11EF9E6D192BE246000C6DD0 /* main.m */ = {isa = PBXFileReference; lastKnownFileType = sourcecode.c.objc; path = main.m; sourceTree = "<group>"; };
		11EF9E6F192BE246000C6DD0 /* Top Regions-Prefix.pch */ = {isa = PBXFileReference; lastKnownFileType = sourcecode.c.h; path = "Top Regions-Prefix.pch"; sourceTree = "<group>"; };
		11EF9E70192BE246000C6DD0 /* AppDelegate.h */ = {isa = PBXFileReference; lastKnownFileType = sourcecode.c.h; path = AppDelegate.h; sourceTree = "<group>"; };
		11EF9E71192BE246000C6DD0 /* AppDelegate.m */ = {isa = PBXFileReference; lastKnownFileType = sourcecode.c.objc; path = AppDelegate.m; sourceTree = "<group>"; };
		11EF9E74192BE246000C6DD0 /* Base */ = {isa = PBXFileReference; lastKnownFileType = file.storyboard; name = Base; path = Base.lproj/Main_iPhone.storyboard; sourceTree = "<group>"; };
		11EF9E77192BE246000C6DD0 /* Base */ = {isa = PBXFileReference; lastKnownFileType = file.storyboard; name = Base; path = Base.lproj/Main_iPad.storyboard; sourceTree = "<group>"; };
		11EF9E79192BE246000C6DD0 /* ViewController.h */ = {isa = PBXFileReference; lastKnownFileType = sourcecode.c.h; path = ViewController.h; sourceTree = "<group>"; };
		11EF9E7A192BE246000C6DD0 /* ViewController.m */ = {isa = PBXFileReference; lastKnownFileType = sourcecode.c.objc; path = ViewController.m; sourceTree = "<group>"; };
		11EF9E7C192BE246000C6DD0 /* Images.xcassets */ = {isa = PBXFileReference; lastKnownFileType = folder.assetcatalog; path = Images.xcassets; sourceTree = "<group>"; };
		11EF9E82192BE246000C6DD0 /* Top RegionsTests.xctest */ = {isa = PBXFileReference; explicitFileType = wrapper.cfbundle; includeInIndex = 0; path = "Top RegionsTests.xctest"; sourceTree = BUILT_PRODUCTS_DIR; };
		11EF9E83192BE246000C6DD0 /* XCTest.framework */ = {isa = PBXFileReference; lastKnownFileType = wrapper.framework; name = XCTest.framework; path = Library/Frameworks/XCTest.framework; sourceTree = DEVELOPER_DIR; };
		11EF9E8B192BE246000C6DD0 /* Top RegionsTests-Info.plist */ = {isa = PBXFileReference; lastKnownFileType = text.plist.xml; path = "Top RegionsTests-Info.plist"; sourceTree = "<group>"; };
		11EF9E8D192BE246000C6DD0 /* en */ = {isa = PBXFileReference; lastKnownFileType = text.plist.strings; name = en; path = en.lproj/InfoPlist.strings; sourceTree = "<group>"; };
		11EF9E8F192BE246000C6DD0 /* Top_RegionsTests.m */ = {isa = PBXFileReference; lastKnownFileType = sourcecode.c.objc; path = Top_RegionsTests.m; sourceTree = "<group>"; };
		F07D8376D3D6E2C75FD4C6E2 /* RegionCDTVC.m */ = {isa = PBXFileReference; fileEncoding = 4; lastKnownFileType = sourcecode.c.objc; path = RegionCDTVC.m; sourceTree = "<group>"; };
		F07D84BE0B4CFA0AFAA55D6A /* Place+Create.h */ = {isa = PBXFileReference; fileEncoding = 4; lastKnownFileType = sourcecode.c.h; path = "Place+Create.h"; sourceTree = "<group>"; };
		F07D886466A20C31FB7954BE /* Region+Create.m */ = {isa = PBXFileReference; fileEncoding = 4; lastKnownFileType = sourcecode.c.objc; path = "Region+Create.m"; sourceTree = "<group>"; };
		F07D8A1AB95C4BD567F3C260 /* DocumentHandler.h */ = {isa = PBXFileReference; fileEncoding = 4; lastKnownFileType = sourcecode.c.h; path = DocumentHandler.h; sourceTree = "<group>"; };
		F07D8AA9FDA93B7826352FF2 /* Region+Create.h */ = {isa = PBXFileReference; fileEncoding = 4; lastKnownFileType = sourcecode.c.h; path = "Region+Create.h"; sourceTree = "<group>"; };
		F07D8ACE2BBA3F5F4EA0EF0B /* RegionCDTVC.h */ = {isa = PBXFileReference; fileEncoding = 4; lastKnownFileType = sourcecode.c.h; path = RegionCDTVC.h; sourceTree = "<group>"; };
		F07D8E0538B568B351F0DCF9 /* DocumentHandler.m */ = {isa = PBXFileReference; fileEncoding = 4; lastKnownFileType = sourcecode.c.objc; path = DocumentHandler.m; sourceTree = "<group>"; };
		F07D8E80B3900E9C9B5B5FA9 /* Place+Create.m */ = {isa = PBXFileReference; fileEncoding = 4; lastKnownFileType = sourcecode.c.objc; path = "Place+Create.m"; sourceTree = "<group>"; };
/* End PBXFileReference section */

/* Begin PBXFrameworksBuildPhase section */
		11EF9E5B192BE246000C6DD0 /* Frameworks */ = {
			isa = PBXFrameworksBuildPhase;
			buildActionMask = 2147483647;
			files = (
				11EF9E64192BE246000C6DD0 /* CoreGraphics.framework in Frameworks */,
				11EF9E66192BE246000C6DD0 /* UIKit.framework in Frameworks */,
				11EF9E62192BE246000C6DD0 /* Foundation.framework in Frameworks */,
			);
			runOnlyForDeploymentPostprocessing = 0;
		};
		11EF9E7F192BE246000C6DD0 /* Frameworks */ = {
			isa = PBXFrameworksBuildPhase;
			buildActionMask = 2147483647;
			files = (
				11EF9E84192BE246000C6DD0 /* XCTest.framework in Frameworks */,
				11EF9E86192BE246000C6DD0 /* UIKit.framework in Frameworks */,
				11EF9E85192BE246000C6DD0 /* Foundation.framework in Frameworks */,
			);
			runOnlyForDeploymentPostprocessing = 0;
		};
/* End PBXFrameworksBuildPhase section */

/* Begin PBXGroup section */
		110C4BED1933972A0070D63F /* CoreDataTableViewController */ = {
			isa = PBXGroup;
			children = (
				110C4BEE1933972A0070D63F /* CoreDataTableViewController.h */,
				110C4BEF1933972A0070D63F /* CoreDataTableViewController.m */,
			);
			path = CoreDataTableViewController;
			sourceTree = "<group>";
		};
		11B0BA551933A85400B9FA23 /* Helpers */ = {
			isa = PBXGroup;
			children = (
				F07D8E0538B568B351F0DCF9 /* DocumentHandler.m */,
				F07D8A1AB95C4BD567F3C260 /* DocumentHandler.h */,
			);
			name = Helpers;
			sourceTree = "<group>";
		};
		11B633B4192E3CF20092B468 /* Model */ = {
			isa = PBXGroup;
			children = (
				111A9E01193B3232006B64AA /* Picture.h */,
				111A9E02193B3232006B64AA /* Picture.m */,
				111A9DFE193B3232006B64AA /* Region.h */,
				111A9DFF193B3232006B64AA /* Region.m */,
				111A9DFB193B3232006B64AA /* Photographer.h */,
				111A9DFC193B3232006B64AA /* Photographer.m */,
				111A9DF8193B3232006B64AA /* Place.h */,
				111A9DF9193B3232006B64AA /* Place.m */,
				110C4BEA193394F90070D63F /* Photographer+Create.h */,
				11B633BB192E3E120092B468 /* Picture+Flickr.h */,
				110C4BEB193394F90070D63F /* Photographer+Create.m */,
				11B633BC192E3E120092B468 /* Picture+Flickr.m */,
				F07D8E80B3900E9C9B5B5FA9 /* Place+Create.m */,
				F07D84BE0B4CFA0AFAA55D6A /* Place+Create.h */,
				F07D886466A20C31FB7954BE /* Region+Create.m */,
				F07D8AA9FDA93B7826352FF2 /* Region+Create.h */,
			);
			name = Model;
			sourceTree = "<group>";
		};
		11B633C2192E482E0092B468 /* FlickrFetcher */ = {
			isa = PBXGroup;
			children = (
				11B633BE192E481F0092B468 /* FlickrAPIKey.h */,
				11B633BF192E481F0092B468 /* FlickrFetcher.h */,
				11B633C0192E481F0092B468 /* FlickrFetcher.m */,
			);
			name = FlickrFetcher;
			sourceTree = "<group>";
		};
		11EF9E55192BE246000C6DD0 = {
			isa = PBXGroup;
			children = (
				11EF9E60192BE246000C6DD0 /* Frameworks */,
				11EF9E5F192BE246000C6DD0 /* Products */,
				11EF9E67192BE246000C6DD0 /* Top Regions */,
				11EF9E89192BE246000C6DD0 /* Top RegionsTests */,
			);
			sourceTree = "<group>";
		};
		11EF9E5F192BE246000C6DD0 /* Products */ = {
			isa = PBXGroup;
			children = (
				11EF9E5E192BE246000C6DD0 /* Top Regions.app */,
				11EF9E82192BE246000C6DD0 /* Top RegionsTests.xctest */,
			);
			name = Products;
			sourceTree = "<group>";
		};
		11EF9E60192BE246000C6DD0 /* Frameworks */ = {
			isa = PBXGroup;
			children = (
				11EF9E61192BE246000C6DD0 /* Foundation.framework */,
				11EF9E63192BE246000C6DD0 /* CoreGraphics.framework */,
				11EF9E65192BE246000C6DD0 /* UIKit.framework */,
				11EF9E83192BE246000C6DD0 /* XCTest.framework */,
			);
			name = Frameworks;
			sourceTree = "<group>";
		};
		11EF9E67192BE246000C6DD0 /* Top Regions */ = {
			isa = PBXGroup;
			children = (
				111A9E04193CCA59006B64AA /* PictureViewController.h */,
				111A9E05193CCA59006B64AA /* PictureViewController.m */,
				11AF95571934F3F6006ADD1D /* PicturesDatabaseAvailability.h */,
				11B0BA5219339B9800B9FA23 /* TopRegionsCDTVC.h */,
				11EF9E79192BE246000C6DD0 /* ViewController.h */,
				11B0BA5319339B9800B9FA23 /* TopRegionsCDTVC.m */,
				11EF9E7A192BE246000C6DD0 /* ViewController.m */,
				11EF9E7C192BE246000C6DD0 /* Images.xcassets */,
				110C4BED1933972A0070D63F /* CoreDataTableViewController */,
				11B633C2192E482E0092B468 /* FlickrFetcher */,
				11B0BA551933A85400B9FA23 /* Helpers */,
				11EF9E76192BE246000C6DD0 /* Main_iPad.storyboard */,
				11EF9E73192BE246000C6DD0 /* Main_iPhone.storyboard */,
				11B633B4192E3CF20092B468 /* Model */,
				11EF9E68192BE246000C6DD0 /* Supporting Files */,
				11B633AB192E3B590092B468 /* TopRegions.xcdatamodeld */,
				F07D8376D3D6E2C75FD4C6E2 /* RegionCDTVC.m */,
				F07D8ACE2BBA3F5F4EA0EF0B /* RegionCDTVC.h */,
			);
			path = "Top Regions";
			sourceTree = "<group>";
		};
		11EF9E68192BE246000C6DD0 /* Supporting Files */ = {
			isa = PBXGroup;
			children = (
				11EF9E70192BE246000C6DD0 /* AppDelegate.h */,
				11EF9E71192BE246000C6DD0 /* AppDelegate.m */,
				11EF9E69192BE246000C6DD0 /* Top Regions-Info.plist */,
				11EF9E6A192BE246000C6DD0 /* InfoPlist.strings */,
				11EF9E6D192BE246000C6DD0 /* main.m */,
				11EF9E6F192BE246000C6DD0 /* Top Regions-Prefix.pch */,
			);
			name = "Supporting Files";
			sourceTree = "<group>";
		};
		11EF9E89192BE246000C6DD0 /* Top RegionsTests */ = {
			isa = PBXGroup;
			children = (
				11EF9E8F192BE246000C6DD0 /* Top_RegionsTests.m */,
				11EF9E8A192BE246000C6DD0 /* Supporting Files */,
			);
			path = "Top RegionsTests";
			sourceTree = "<group>";
		};
		11EF9E8A192BE246000C6DD0 /* Supporting Files */ = {
			isa = PBXGroup;
			children = (
				11EF9E8B192BE246000C6DD0 /* Top RegionsTests-Info.plist */,
				11EF9E8C192BE246000C6DD0 /* InfoPlist.strings */,
			);
			name = "Supporting Files";
			sourceTree = "<group>";
		};
/* End PBXGroup section */

/* Begin PBXNativeTarget section */
		11EF9E5D192BE246000C6DD0 /* Top Regions */ = {
			isa = PBXNativeTarget;
			buildConfigurationList = 11EF9E93192BE246000C6DD0 /* Build configuration list for PBXNativeTarget "Top Regions" */;
			buildPhases = (
				11EF9E5A192BE246000C6DD0 /* Sources */,
				11EF9E5B192BE246000C6DD0 /* Frameworks */,
				11EF9E5C192BE246000C6DD0 /* Resources */,
			);
			buildRules = (
			);
			dependencies = (
			);
			name = "Top Regions";
			productName = "Top Regions";
			productReference = 11EF9E5E192BE246000C6DD0 /* Top Regions.app */;
			productType = "com.apple.product-type.application";
		};
		11EF9E81192BE246000C6DD0 /* Top RegionsTests */ = {
			isa = PBXNativeTarget;
			buildConfigurationList = 11EF9E96192BE246000C6DD0 /* Build configuration list for PBXNativeTarget "Top RegionsTests" */;
			buildPhases = (
				11EF9E7E192BE246000C6DD0 /* Sources */,
				11EF9E7F192BE246000C6DD0 /* Frameworks */,
				11EF9E80192BE246000C6DD0 /* Resources */,
			);
			buildRules = (
			);
			dependencies = (
				11EF9E88192BE246000C6DD0 /* PBXTargetDependency */,
			);
			name = "Top RegionsTests";
			productName = "Top RegionsTests";
			productReference = 11EF9E82192BE246000C6DD0 /* Top RegionsTests.xctest */;
			productType = "com.apple.product-type.bundle.unit-test";
		};
/* End PBXNativeTarget section */

/* Begin PBXProject section */
		11EF9E56192BE246000C6DD0 /* Project object */ = {
			isa = PBXProject;
			attributes = {
				LastUpgradeCheck = 0510;
				ORGANIZATIONNAME = "Ruben Ernst";
				TargetAttributes = {
					11EF9E81192BE246000C6DD0 = {
						TestTargetID = 11EF9E5D192BE246000C6DD0;
					};
				};
			};
			buildConfigurationList = 11EF9E59192BE246000C6DD0 /* Build configuration list for PBXProject "Top Regions" */;
			compatibilityVersion = "Xcode 3.2";
			developmentRegion = English;
			hasScannedForEncodings = 0;
			knownRegions = (
				en,
				Base,
			);
			mainGroup = 11EF9E55192BE246000C6DD0;
			productRefGroup = 11EF9E5F192BE246000C6DD0 /* Products */;
			projectDirPath = "";
			projectRoot = "";
			targets = (
				11EF9E5D192BE246000C6DD0 /* Top Regions */,
				11EF9E81192BE246000C6DD0 /* Top RegionsTests */,
			);
		};
/* End PBXProject section */

/* Begin PBXResourcesBuildPhase section */
		11EF9E5C192BE246000C6DD0 /* Resources */ = {
			isa = PBXResourcesBuildPhase;
			buildActionMask = 2147483647;
			files = (
				11EF9E78192BE246000C6DD0 /* Main_iPad.storyboard in Resources */,
				11EF9E7D192BE246000C6DD0 /* Images.xcassets in Resources */,
				11EF9E75192BE246000C6DD0 /* Main_iPhone.storyboard in Resources */,
				11EF9E6C192BE246000C6DD0 /* InfoPlist.strings in Resources */,
			);
			runOnlyForDeploymentPostprocessing = 0;
		};
		11EF9E80192BE246000C6DD0 /* Resources */ = {
			isa = PBXResourcesBuildPhase;
			buildActionMask = 2147483647;
			files = (
				11EF9E8E192BE246000C6DD0 /* InfoPlist.strings in Resources */,
			);
			runOnlyForDeploymentPostprocessing = 0;
		};
/* End PBXResourcesBuildPhase section */

/* Begin PBXSourcesBuildPhase section */
		11EF9E5A192BE246000C6DD0 /* Sources */ = {
			isa = PBXSourcesBuildPhase;
			buildActionMask = 2147483647;
			files = (
				111A9E03193B3232006B64AA /* Picture.m in Sources */,
				11EF9E7B192BE246000C6DD0 /* ViewController.m in Sources */,
				11B0BA5419339B9800B9FA23 /* TopRegionsCDTVC.m in Sources */,
				11B633BD192E3E120092B468 /* Picture+Flickr.m in Sources */,
				110C4BEC193394F90070D63F /* Photographer+Create.m in Sources */,
				110C4BF01933972A0070D63F /* CoreDataTableViewController.m in Sources */,
				111A9DFA193B3232006B64AA /* Place.m in Sources */,
				111A9E00193B3232006B64AA /* Region.m in Sources */,
				11B633AD192E3B590092B468 /* TopRegions.xcdatamodeld in Sources */,
				11EF9E72192BE246000C6DD0 /* AppDelegate.m in Sources */,
				11B633C1192E481F0092B468 /* FlickrFetcher.m in Sources */,
				11EF9E6E192BE246000C6DD0 /* main.m in Sources */,
				111A9DFD193B3232006B64AA /* Photographer.m in Sources */,
				111A9E06193CCA59006B64AA /* PictureViewController.m in Sources */,
				F07D8D3CD175574CB5B30595 /* DocumentHandler.m in Sources */,
				F07D8C86F1EBDE5036E86C7D /* Place+Create.m in Sources */,
				F07D879A0C2A6B39F82DA613 /* Region+Create.m in Sources */,
				F07D8127CDA09F160AE98B33 /* RegionCDTVC.m in Sources */,
			);
			runOnlyForDeploymentPostprocessing = 0;
		};
		11EF9E7E192BE246000C6DD0 /* Sources */ = {
			isa = PBXSourcesBuildPhase;
			buildActionMask = 2147483647;
			files = (
				11EF9E90192BE246000C6DD0 /* Top_RegionsTests.m in Sources */,
			);
			runOnlyForDeploymentPostprocessing = 0;
		};
/* End PBXSourcesBuildPhase section */

/* Begin PBXTargetDependency section */
		11EF9E88192BE246000C6DD0 /* PBXTargetDependency */ = {
			isa = PBXTargetDependency;
			target = 11EF9E5D192BE246000C6DD0 /* Top Regions */;
			targetProxy = 11EF9E87192BE246000C6DD0 /* PBXContainerItemProxy */;
		};
/* End PBXTargetDependency section */

/* Begin PBXVariantGroup section */
		11EF9E6A192BE246000C6DD0 /* InfoPlist.strings */ = {
			isa = PBXVariantGroup;
			children = (
				11EF9E6B192BE246000C6DD0 /* en */,
			);
			name = InfoPlist.strings;
			sourceTree = "<group>";
		};
		11EF9E73192BE246000C6DD0 /* Main_iPhone.storyboard */ = {
			isa = PBXVariantGroup;
			children = (
				11EF9E74192BE246000C6DD0 /* Base */,
			);
			name = Main_iPhone.storyboard;
			sourceTree = "<group>";
		};
		11EF9E76192BE246000C6DD0 /* Main_iPad.storyboard */ = {
			isa = PBXVariantGroup;
			children = (
				11EF9E77192BE246000C6DD0 /* Base */,
			);
			name = Main_iPad.storyboard;
			sourceTree = "<group>";
		};
		11EF9E8C192BE246000C6DD0 /* InfoPlist.strings */ = {
			isa = PBXVariantGroup;
			children = (
				11EF9E8D192BE246000C6DD0 /* en */,
			);
			name = InfoPlist.strings;
			sourceTree = "<group>";
		};
/* End PBXVariantGroup section */

/* Begin XCBuildConfiguration section */
		11EF9E91192BE246000C6DD0 /* Debug */ = {
			isa = XCBuildConfiguration;
			buildSettings = {
				ALWAYS_SEARCH_USER_PATHS = NO;
				CLANG_CXX_LANGUAGE_STANDARD = "gnu++0x";
				CLANG_CXX_LIBRARY = "libc++";
				CLANG_ENABLE_MODULES = YES;
				CLANG_ENABLE_OBJC_ARC = YES;
				CLANG_WARN_BOOL_CONVERSION = YES;
				CLANG_WARN_CONSTANT_CONVERSION = YES;
				CLANG_WARN_DIRECT_OBJC_ISA_USAGE = YES_ERROR;
				CLANG_WARN_EMPTY_BODY = YES;
				CLANG_WARN_ENUM_CONVERSION = YES;
				CLANG_WARN_INT_CONVERSION = YES;
				CLANG_WARN_OBJC_ROOT_CLASS = YES_ERROR;
				CLANG_WARN__DUPLICATE_METHOD_MATCH = YES;
				"CODE_SIGN_IDENTITY[sdk=iphoneos*]" = "iPhone Developer";
				COPY_PHASE_STRIP = NO;
				GCC_C_LANGUAGE_STANDARD = gnu99;
				GCC_DYNAMIC_NO_PIC = NO;
				GCC_OPTIMIZATION_LEVEL = 0;
				GCC_PREPROCESSOR_DEFINITIONS = (
					"DEBUG=1",
					"$(inherited)",
				);
				GCC_SYMBOLS_PRIVATE_EXTERN = NO;
				GCC_WARN_64_TO_32_BIT_CONVERSION = YES;
				GCC_WARN_ABOUT_RETURN_TYPE = YES_ERROR;
				GCC_WARN_UNDECLARED_SELECTOR = YES;
				GCC_WARN_UNINITIALIZED_AUTOS = YES_AGGRESSIVE;
				GCC_WARN_UNUSED_FUNCTION = YES;
				GCC_WARN_UNUSED_VARIABLE = YES;
				IPHONEOS_DEPLOYMENT_TARGET = 7.1;
				ONLY_ACTIVE_ARCH = YES;
				SDKROOT = iphoneos;
				TARGETED_DEVICE_FAMILY = "1,2";
			};
			name = Debug;
		};
		11EF9E92192BE246000C6DD0 /* Release */ = {
			isa = XCBuildConfiguration;
			buildSettings = {
				ALWAYS_SEARCH_USER_PATHS = NO;
				CLANG_CXX_LANGUAGE_STANDARD = "gnu++0x";
				CLANG_CXX_LIBRARY = "libc++";
				CLANG_ENABLE_MODULES = YES;
				CLANG_ENABLE_OBJC_ARC = YES;
				CLANG_WARN_BOOL_CONVERSION = YES;
				CLANG_WARN_CONSTANT_CONVERSION = YES;
				CLANG_WARN_DIRECT_OBJC_ISA_USAGE = YES_ERROR;
				CLANG_WARN_EMPTY_BODY = YES;
				CLANG_WARN_ENUM_CONVERSION = YES;
				CLANG_WARN_INT_CONVERSION = YES;
				CLANG_WARN_OBJC_ROOT_CLASS = YES_ERROR;
				CLANG_WARN__DUPLICATE_METHOD_MATCH = YES;
				"CODE_SIGN_IDENTITY[sdk=iphoneos*]" = "iPhone Developer";
				COPY_PHASE_STRIP = YES;
				ENABLE_NS_ASSERTIONS = NO;
				GCC_C_LANGUAGE_STANDARD = gnu99;
				GCC_WARN_64_TO_32_BIT_CONVERSION = YES;
				GCC_WARN_ABOUT_RETURN_TYPE = YES_ERROR;
				GCC_WARN_UNDECLARED_SELECTOR = YES;
				GCC_WARN_UNINITIALIZED_AUTOS = YES_AGGRESSIVE;
				GCC_WARN_UNUSED_FUNCTION = YES;
				GCC_WARN_UNUSED_VARIABLE = YES;
				IPHONEOS_DEPLOYMENT_TARGET = 7.1;
				SDKROOT = iphoneos;
				TARGETED_DEVICE_FAMILY = "1,2";
				VALIDATE_PRODUCT = YES;
			};
			name = Release;
		};
		11EF9E94192BE246000C6DD0 /* Debug */ = {
			isa = XCBuildConfiguration;
			buildSettings = {
				ASSETCATALOG_COMPILER_APPICON_NAME = AppIcon;
				ASSETCATALOG_COMPILER_LAUNCHIMAGE_NAME = LaunchImage;
				GCC_PRECOMPILE_PREFIX_HEADER = YES;
				GCC_PREFIX_HEADER = "Top Regions/Top Regions-Prefix.pch";
				INFOPLIST_FILE = "Top Regions/Top Regions-Info.plist";
				PRODUCT_NAME = "$(TARGET_NAME)";
				WRAPPER_EXTENSION = app;
			};
			name = Debug;
		};
		11EF9E95192BE246000C6DD0 /* Release */ = {
			isa = XCBuildConfiguration;
			buildSettings = {
				ASSETCATALOG_COMPILER_APPICON_NAME = AppIcon;
				ASSETCATALOG_COMPILER_LAUNCHIMAGE_NAME = LaunchImage;
				GCC_PRECOMPILE_PREFIX_HEADER = YES;
				GCC_PREFIX_HEADER = "Top Regions/Top Regions-Prefix.pch";
				INFOPLIST_FILE = "Top Regions/Top Regions-Info.plist";
				PRODUCT_NAME = "$(TARGET_NAME)";
				WRAPPER_EXTENSION = app;
			};
			name = Release;
		};
		11EF9E97192BE246000C6DD0 /* Debug */ = {
			isa = XCBuildConfiguration;
			buildSettings = {
				BUNDLE_LOADER = "$(BUILT_PRODUCTS_DIR)/Top Regions.app/Top Regions";
				FRAMEWORK_SEARCH_PATHS = (
					"$(SDKROOT)/Developer/Library/Frameworks",
					"$(inherited)",
					"$(DEVELOPER_FRAMEWORKS_DIR)",
				);
				GCC_PRECOMPILE_PREFIX_HEADER = YES;
				GCC_PREFIX_HEADER = "Top Regions/Top Regions-Prefix.pch";
				GCC_PREPROCESSOR_DEFINITIONS = (
					"DEBUG=1",
					"$(inherited)",
				);
				INFOPLIST_FILE = "Top RegionsTests/Top RegionsTests-Info.plist";
				PRODUCT_NAME = "$(TARGET_NAME)";
				TEST_HOST = "$(BUNDLE_LOADER)";
				WRAPPER_EXTENSION = xctest;
			};
			name = Debug;
		};
		11EF9E98192BE246000C6DD0 /* Release */ = {
			isa = XCBuildConfiguration;
			buildSettings = {
				BUNDLE_LOADER = "$(BUILT_PRODUCTS_DIR)/Top Regions.app/Top Regions";
				FRAMEWORK_SEARCH_PATHS = (
					"$(SDKROOT)/Developer/Library/Frameworks",
					"$(inherited)",
					"$(DEVELOPER_FRAMEWORKS_DIR)",
				);
				GCC_PRECOMPILE_PREFIX_HEADER = YES;
				GCC_PREFIX_HEADER = "Top Regions/Top Regions-Prefix.pch";
				INFOPLIST_FILE = "Top RegionsTests/Top RegionsTests-Info.plist";
				PRODUCT_NAME = "$(TARGET_NAME)";
				TEST_HOST = "$(BUNDLE_LOADER)";
				WRAPPER_EXTENSION = xctest;
			};
			name = Release;
		};
/* End XCBuildConfiguration section */

/* Begin XCConfigurationList section */
		11EF9E59192BE246000C6DD0 /* Build configuration list for PBXProject "Top Regions" */ = {
			isa = XCConfigurationList;
			buildConfigurations = (
				11EF9E91192BE246000C6DD0 /* Debug */,
				11EF9E92192BE246000C6DD0 /* Release */,
			);
			defaultConfigurationIsVisible = 0;
			defaultConfigurationName = Release;
		};
		11EF9E93192BE246000C6DD0 /* Build configuration list for PBXNativeTarget "Top Regions" */ = {
			isa = XCConfigurationList;
			buildConfigurations = (
				11EF9E94192BE246000C6DD0 /* Debug */,
				11EF9E95192BE246000C6DD0 /* Release */,
			);
			defaultConfigurationIsVisible = 0;
			defaultConfigurationName = Release;
		};
		11EF9E96192BE246000C6DD0 /* Build configuration list for PBXNativeTarget "Top RegionsTests" */ = {
			isa = XCConfigurationList;
			buildConfigurations = (
				11EF9E97192BE246000C6DD0 /* Debug */,
				11EF9E98192BE246000C6DD0 /* Release */,
			);
			defaultConfigurationIsVisible = 0;
			defaultConfigurationName = Release;
		};
/* End XCConfigurationList section */

/* Begin XCVersionGroup section */
		11B633AB192E3B590092B468 /* TopRegions.xcdatamodeld */ = {
			isa = XCVersionGroup;
			children = (
				11B633AC192E3B590092B468 /* TopRegions.xcdatamodel */,
			);
			currentVersion = 11B633AC192E3B590092B468 /* TopRegions.xcdatamodel */;
			path = TopRegions.xcdatamodeld;
			sourceTree = "<group>";
			versionGroupType = wrapper.xcdatamodel;
		};
/* End XCVersionGroup section */
	};
	rootObject = 11EF9E56192BE246000C6DD0 /* Project object */;
}
